
Microsoft Visual Studio Solution File, Format Version 12.00
# Visual Studio Version 17
VisualStudioVersion = 17.2.32630.192
MinimumVisualStudioVersion = 10.0.40219.1
Project("{FAE04EC0-301F-11D3-BF4B-00C04F79EFBC}") = "AppforGithub", "AppforGithub.csproj", "{0903ABD7-2A53-4368-843E-064A8F1AD59F}"
EndProject
Global
	GlobalSection(SolutionConfigurationPlatforms) = preSolution
		Debug|Any CPU = Debug|Any CPU
		Release|Any CPU = Release|Any CPU
	EndGlobalSection
	GlobalSection(ProjectConfigurationPlatforms) = postSolution
		{0903ABD7-2A53-4368-843E-064A8F1AD59F}.Debug|Any CPU.ActiveCfg = Debug|Any CPU
		{0903ABD7-2A53-4368-843E-064A8F1AD59F}.Debug|Any CPU.Build.0 = Debug|Any CPU
		{0903ABD7-2A53-4368-843E-064A8F1AD59F}.Release|Any CPU.ActiveCfg = Release|Any CPU
		{0903ABD7-2A53-4368-843E-064A8F1AD59F}.Release|Any CPU.Build.0 = Release|Any CPU
	EndGlobalSection
	GlobalSection(SolutionProperties) = preSolution
		HideSolutionNode = FALSE
	EndGlobalSection
	GlobalSection(ExtensibilityGlobals) = postSolution
		SolutionGuid = {9B624A0A-F714-4D8C-96C3-7EA4F08E8CAE}
	EndGlobalSection
EndGlobal
